// !$*UTF8*$!
{
	archiveVersion = 1;
	classes = {
	};
	objectVersion = 46;
	objects = {

/* Begin PBXBuildFile section */
		DABF41BF1F62EB8C00A0E487 /* main.m in Sources */ = {isa = PBXBuildFile; fileRef = DABF41BE1F62EB8C00A0E487 /* main.m */; };
		DABF41CA1F62F26F00A0E487 /* PaymentGateway.m in Sources */ = {isa = PBXBuildFile; fileRef = DABF41C91F62F26F00A0E487 /* PaymentGateway.m */; };
		DABF41CD1F62F57900A0E487 /* PaypalPaymentService.m in Sources */ = {isa = PBXBuildFile; fileRef = DABF41CC1F62F57900A0E487 /* PaypalPaymentService.m */; };
		DABF41D01F62F58700A0E487 /* StripePaymentService.m in Sources */ = {isa = PBXBuildFile; fileRef = DABF41CF1F62F58700A0E487 /* StripePaymentService.m */; };
		DABF41D31F62F59A00A0E487 /* AmazonPaymentService.m in Sources */ = {isa = PBXBuildFile; fileRef = DABF41D21F62F59A00A0E487 /* AmazonPaymentService.m */; };
/* End PBXBuildFile section */

/* Begin PBXCopyFilesBuildPhase section */
		DABF41B91F62EB8C00A0E487 /* CopyFiles */ = {
			isa = PBXCopyFilesBuildPhase;
			buildActionMask = 2147483647;
			dstPath = /usr/share/man/man1/;
			dstSubfolderSpec = 0;
			files = (
			);
			runOnlyForDeploymentPostprocessing = 1;
		};
/* End PBXCopyFilesBuildPhase section */

/* Begin PBXFileReference section */
		DABF41BB1F62EB8C00A0E487 /* Payment */ = {isa = PBXFileReference; explicitFileType = "compiled.mach-o.executable"; includeInIndex = 0; path = Payment; sourceTree = BUILT_PRODUCTS_DIR; };
		DABF41BE1F62EB8C00A0E487 /* main.m */ = {isa = PBXFileReference; lastKnownFileType = sourcecode.c.objc; path = main.m; sourceTree = "<group>"; };
		DABF41C81F62F26F00A0E487 /* PaymentGateway.h */ = {isa = PBXFileReference; fileEncoding = 4; lastKnownFileType = sourcecode.c.h; path = PaymentGateway.h; sourceTree = "<group>"; };
		DABF41C91F62F26F00A0E487 /* PaymentGateway.m */ = {isa = PBXFileReference; fileEncoding = 4; lastKnownFileType = sourcecode.c.objc; path = PaymentGateway.m; sourceTree = "<group>"; };
		DABF41CB1F62F57900A0E487 /* PaypalPaymentService.h */ = {isa = PBXFileReference; fileEncoding = 4; lastKnownFileType = sourcecode.c.h; path = PaypalPaymentService.h; sourceTree = "<group>"; };
		DABF41CC1F62F57900A0E487 /* PaypalPaymentService.m */ = {isa = PBXFileReference; fileEncoding = 4; lastKnownFileType = sourcecode.c.objc; path = PaypalPaymentService.m; sourceTree = "<group>"; };
		DABF41CE1F62F58700A0E487 /* StripePaymentService.h */ = {isa = PBXFileReference; fileEncoding = 4; lastKnownFileType = sourcecode.c.h; path = StripePaymentService.h; sourceTree = "<group>"; };
		DABF41CF1F62F58700A0E487 /* StripePaymentService.m */ = {isa = PBXFileReference; fileEncoding = 4; lastKnownFileType = sourcecode.c.objc; path = StripePaymentService.m; sourceTree = "<group>"; };
		DABF41D11F62F59A00A0E487 /* AmazonPaymentService.h */ = {isa = PBXFileReference; fileEncoding = 4; lastKnownFileType = sourcecode.c.h; path = AmazonPaymentService.h; sourceTree = "<group>"; };
		DABF41D21F62F59A00A0E487 /* AmazonPaymentService.m */ = {isa = PBXFileReference; fileEncoding = 4; lastKnownFileType = sourcecode.c.objc; path = AmazonPaymentService.m; sourceTree = "<group>"; };
/* End PBXFileReference section */

/* Begin PBXFrameworksBuildPhase section */
		DABF41B81F62EB8C00A0E487 /* Frameworks */ = {
			isa = PBXFrameworksBuildPhase;
			buildActionMask = 2147483647;
			files = (
			);
			runOnlyForDeploymentPostprocessing = 0;
		};
/* End PBXFrameworksBuildPhase section */

/* Begin PBXGroup section */
		DABF41B21F62EB8C00A0E487 = {
			isa = PBXGroup;
			children = (
				DABF41BD1F62EB8C00A0E487 /* Payment */,
				DABF41BC1F62EB8C00A0E487 /* Products */,
			);
			sourceTree = "<group>";
		};
		DABF41BC1F62EB8C00A0E487 /* Products */ = {
			isa = PBXGroup;
			children = (
				DABF41BB1F62EB8C00A0E487 /* Payment */,
			);
			name = Products;
			sourceTree = "<group>";
		};
		DABF41BD1F62EB8C00A0E487 /* Payment */ = {
			isa = PBXGroup;
			children = (
				DABF41BE1F62EB8C00A0E487 /* main.m */,
				DABF41C81F62F26F00A0E487 /* PaymentGateway.h */,
				DABF41C91F62F26F00A0E487 /* PaymentGateway.m */,
				DABF41CB1F62F57900A0E487 /* PaypalPaymentService.h */,
				DABF41CC1F62F57900A0E487 /* PaypalPaymentService.m */,
				DABF41CE1F62F58700A0E487 /* StripePaymentService.h */,
				DABF41CF1F62F58700A0E487 /* StripePaymentService.m */,
				DABF41D11F62F59A00A0E487 /* AmazonPaymentService.h */,
				DABF41D21F62F59A00A0E487 /* AmazonPaymentService.m */,
			);
			path = Payment;
			sourceTree = "<group>";
		};
/* End PBXGroup section */

/* Begin PBXNativeTarget section */
		DABF41BA1F62EB8C00A0E487 /* Payment */ = {
			isa = PBXNativeTarget;
			buildConfigurationList = DABF41C21F62EB8C00A0E487 /* Build configuration list for PBXNativeTarget "Payment" */;
			buildPhases = (
				DABF41B71F62EB8C00A0E487 /* Sources */,
				DABF41B81F62EB8C00A0E487 /* Frameworks */,
				DABF41B91F62EB8C00A0E487 /* CopyFiles */,
			);
			buildRules = (
			);
			dependencies = (
			);
			name = Payment;
			productName = Payment;
			productReference = DABF41BB1F62EB8C00A0E487 /* Payment */;
			productType = "com.apple.product-type.tool";
		};
/* End PBXNativeTarget section */

/* Begin PBXProject section */
		DABF41B31F62EB8C00A0E487 /* Project object */ = {
			isa = PBXProject;
			attributes = {
				LastUpgradeCheck = 0830;
				ORGANIZATIONNAME = Paul;
				TargetAttributes = {
					DABF41BA1F62EB8C00A0E487 = {
						CreatedOnToolsVersion = 8.3.3;
						ProvisioningStyle = Automatic;
					};
				};
			};
			buildConfigurationList = DABF41B61F62EB8C00A0E487 /* Build configuration list for PBXProject "Payment" */;
			compatibilityVersion = "Xcode 3.2";
			developmentRegion = English;
			hasScannedForEncodings = 0;
			knownRegions = (
				en,
			);
			mainGroup = DABF41B21F62EB8C00A0E487;
			productRefGroup = DABF41BC1F62EB8C00A0E487 /* Products */;
			projectDirPath = "";
			projectRoot = "";
			targets = (
				DABF41BA1F62EB8C00A0E487 /* Payment */,
			);
		};
/* End PBXProject section */

/* Begin PBXSourcesBuildPhase section */
		DABF41B71F62EB8C00A0E487 /* Sources */ = {
			isa = PBXSourcesBuildPhase;
			buildActionMask = 2147483647;
			files = (
				DABF41BF1F62EB8C00A0E487 /* main.m in Sources */,
				DABF41D31F62F59A00A0E487 /* AmazonPaymentService.m in Sources */,
				DABF41CA1F62F26F00A0E487 /* PaymentGateway.m in Sources */,
				DABF41CD1F62F57900A0E487 /* PaypalPaymentService.m in Sources */,
				DABF41D01F62F58700A0E487 /* StripePaymentService.m in Sources */,
			);
			runOnlyForDeploymentPostprocessing = 0;
		};
/* End PBXSourcesBuildPhase section */

/* Begin XCBuildConfiguration section */
		DABF41C01F62EB8C00A0E487 /* Debug */ = {
			isa = XCBuildConfiguration;
			buildSettings = {
				ALWAYS_SEARCH_USER_PATHS = NO;
				CLANG_ANALYZER_NONNULL = YES;
				CLANG_ANALYZER_NUMBER_OBJECT_CONVERSION = YES_AGGRESSIVE;
				CLANG_CXX_LANGUAGE_STANDARD = "gnu++0x";
				CLANG_CXX_LIBRARY = "libc++";
				CLANG_ENABLE_MODULES = YES;
				CLANG_ENABLE_OBJC_ARC = YES;
				CLANG_WARN_BOOL_CONVERSION = YES;
				CLANG_WARN_CONSTANT_CONVERSION = YES;
				CLANG_WARN_DIRECT_OBJC_ISA_USAGE = YES_ERROR;
				CLANG_WARN_DOCUMENTATION_COMMENTS = YES;
				CLANG_WARN_EMPTY_BODY = YES;
				CLANG_WARN_ENUM_CONVERSION = YES;
				CLANG_WARN_INFINITE_RECURSION = YES;
				CLANG_WARN_INT_CONVERSION = YES;
				CLANG_WARN_OBJC_ROOT_CLASS = YES_ERROR;
				CLANG_WARN_SUSPICIOUS_MOVE = YES;
				CLANG_WARN_UNREACHABLE_CODE = YES;
				CLANG_WARN__DUPLICATE_METHOD_MATCH = YES;
				CODE_SIGN_IDENTITY = "-";
				COPY_PHASE_STRIP = NO;
				DEBUG_INFORMATION_FORMAT = dwarf;
				ENABLE_STRICT_OBJC_MSGSEND = YES;
				ENABLE_TESTABILITY = YES;
				GCC_C_LANGUAGE_STANDARD = gnu99;
				GCC_DYNAMIC_NO_PIC = NO;
				GCC_NO_COMMON_BLOCKS = YES;
				GCC_OPTIMIZATION_LEVEL = 0;
				GCC_PREPROCESSOR_DEFINITIONS = (
					"DEBUG=1",
					"$(inherited)",
				);
				GCC_WARN_64_TO_32_BIT_CONVERSION = YES;
				GCC_WARN_ABOUT_RETURN_TYPE = YES_ERROR;
				GCC_WARN_UNDECLARED_SELECTOR = YES;
				GCC_WARN_UNINITIALIZED_AUTOS = YES_AGGRESSIVE;
				GCC_WARN_UNUSED_FUNCTION = YES;
				GCC_WARN_UNUSED_VARIABLE = YES;
				MACOSX_DEPLOYMENT_TARGET = 10.12;
				MTL_ENABLE_DEBUG_INFO = YES;
				ONLY_ACTIVE_ARCH = YES;
				SDKROOT = macosx;
			};
			name = Debug;
		};
		DABF41C11F62EB8C00A0E487 /* Release */ = {
			isa = XCBuildConfiguration;
			buildSettings = {
				ALWAYS_SEARCH_USER_PATHS = NO;
				CLANG_ANALYZER_NONNULL = YES;
				CLANG_ANALYZER_NUMBER_OBJECT_CONVERSION = YES_AGGRESSIVE;
				CLANG_CXX_LANGUAGE_STANDARD = "gnu++0x";
				CLANG_CXX_LIBRARY = "libc++";
				CLANG_ENABLE_MODULES = YES;
				CLANG_ENABLE_OBJC_ARC = YES;
				CLANG_WARN_BOOL_CONVERSION = YES;
				CLANG_WARN_CONSTANT_CONVERSION = YES;
				CLANG_WARN_DIRECT_OBJC_ISA_USAGE = YES_ERROR;
				CLANG_WARN_DOCUMENTATION_COMMENTS = YES;
				CLANG_WARN_EMPTY_BODY = YES;
				CLANG_WARN_ENUM_CONVERSION = YES;
				CLANG_WARN_INFINITE_RECURSION = YES;
				CLANG_WARN_INT_CONVERSION = YES;
				CLANG_WARN_OBJC_ROOT_CLASS = YES_ERROR;
				CLANG_WARN_SUSPICIOUS_MOVE = YES;
				CLANG_WARN_UNREACHABLE_CODE = YES;
				CLANG_WARN__DUPLICATE_METHOD_MATCH = YES;
				CODE_SIGN_IDENTITY = "-";
				COPY_PHASE_STRIP = NO;
				DEBUG_INFORMATION_FORMAT = "dwarf-with-dsym";
				ENABLE_NS_ASSERTIONS = NO;
				ENABLE_STRICT_OBJC_MSGSEND = YES;
				GCC_C_LANGUAGE_STANDARD = gnu99;
				GCC_NO_COMMON_BLOCKS = YES;
				GCC_WARN_64_TO_32_BIT_CONVERSION = YES;
				GCC_WARN_ABOUT_RETURN_TYPE = YES_ERROR;
				GCC_WARN_UNDECLARED_SELECTOR = YES;
				GCC_WARN_UNINITIALIZED_AUTOS = YES_AGGRESSIVE;
				GCC_WARN_UNUSED_FUNCTION = YES;
				GCC_WARN_UNUSED_VARIABLE = YES;
				MACOSX_DEPLOYMENT_TARGET = 10.12;
				MTL_ENABLE_DEBUG_INFO = NO;
				SDKROOT = macosx;
			};
			name = Release;
		};
		DABF41C31F62EB8C00A0E487 /* Debug */ = {
			isa = XCBuildConfiguration;
			buildSettings = {
				PRODUCT_NAME = "$(TARGET_NAME)";
			};
			name = Debug;
		};
		DABF41C41F62EB8C00A0E487 /* Release */ = {
			isa = XCBuildConfiguration;
			buildSettings = {
				PRODUCT_NAME = "$(TARGET_NAME)";
			};
			name = Release;
		};
/* End XCBuildConfiguration section */

/* Begin XCConfigurationList section */
		DABF41B61F62EB8C00A0E487 /* Build configuration list for PBXProject "Payment" */ = {
			isa = XCConfigurationList;
			buildConfigurations = (
				DABF41C01F62EB8C00A0E487 /* Debug */,
				DABF41C11F62EB8C00A0E487 /* Release */,
			);
			defaultConfigurationIsVisible = 0;
			defaultConfigurationName = Release;
		};
		DABF41C21F62EB8C00A0E487 /* Build configuration list for PBXNativeTarget "Payment" */ = {
			isa = XCConfigurationList;
			buildConfigurations = (
				DABF41C31F62EB8C00A0E487 /* Debug */,
				DABF41C41F62EB8C00A0E487 /* Release */,
			);
			defaultConfigurationIsVisible = 0;
		};
/* End XCConfigurationList section */
	};
	rootObject = DABF41B31F62EB8C00A0E487 /* Project object */;
}
